data.yandex_compute_image.ubuntu1: Reading...
data.yandex_compute_image.ubuntu1: Read complete after 1s [id=fd8kb72uc47duuitmajn]

Terraform used the selected providers to generate the following execution plan. Resource actions are indicated with the following symbols:
  + create

Terraform will perform the following actions:

  # yandex_compute_instance.nat-instance will be created
  + resource "yandex_compute_instance" "nat-instance" {
      + created_at                = (known after apply)
      + folder_id                 = (known after apply)
      + fqdn                      = (known after apply)
      + gpu_cluster_id            = (known after apply)
      + hardware_generation       = (known after apply)
      + hostname                  = (known after apply)
      + id                        = (known after apply)
      + maintenance_grace_period  = (known after apply)
      + maintenance_policy        = (known after apply)
      + metadata                  = {
          + "ssh-keys" = "ubuntu:ssh-ed25519 AAAAC3NzaC1lZDI1NTE5AAAAIJztg5ehO3ZVIV5fMsvNOkcRk6ed1QKPy45JWWzQ7z/3"
        }
      + name                      = "nat"
      + network_acceleration_type = "standard"
      + platform_id               = "standard-v1"
      + status                    = (known after apply)
      + zone                      = "ru-central1-a"

      + boot_disk {
          + auto_delete = true
          + device_name = (known after apply)
          + disk_id     = (known after apply)
          + mode        = (known after apply)

          + initialize_params {
              + block_size  = (known after apply)
              + description = (known after apply)
              + image_id    = "fd80mrhj8fl2oe87o4e1"
              + name        = (known after apply)
              + size        = (known after apply)
              + snapshot_id = (known after apply)
              + type        = "network-hdd"
            }
        }

      + metadata_options (known after apply)

      + network_interface {
          + index          = (known after apply)
          + ip_address     = "192.168.10.254"
          + ipv4           = true
          + ipv6           = (known after apply)
          + ipv6_address   = (known after apply)
          + mac_address    = (known after apply)
          + nat            = true
          + nat_ip_address = (known after apply)
          + nat_ip_version = (known after apply)
          + subnet_id      = (known after apply)
        }

      + placement_policy (known after apply)

      + resources {
          + core_fraction = 20
          + cores         = 2
          + memory        = 2
        }

      + scheduling_policy {
          + preemptible = true
        }
    }

  # yandex_compute_instance.test-private-vm will be created
  + resource "yandex_compute_instance" "test-private-vm" {
      + created_at                = (known after apply)
      + folder_id                 = (known after apply)
      + fqdn                      = (known after apply)
      + gpu_cluster_id            = (known after apply)
      + hardware_generation       = (known after apply)
      + hostname                  = (known after apply)
      + id                        = (known after apply)
      + maintenance_grace_period  = (known after apply)
      + maintenance_policy        = (known after apply)
      + metadata                  = {
          + "ssh-keys" = "ubuntu:ssh-ed25519 AAAAC3NzaC1lZDI1NTE5AAAAIJztg5ehO3ZVIV5fMsvNOkcRk6ed1QKPy45JWWzQ7z/3"
        }
      + name                      = "test-vm-private"
      + network_acceleration_type = "standard"
      + platform_id               = "standard-v1"
      + status                    = (known after apply)
      + zone                      = "ru-central1-a"

      + boot_disk {
          + auto_delete = true
          + device_name = (known after apply)
          + disk_id     = (known after apply)
          + mode        = (known after apply)

          + initialize_params {
              + block_size  = (known after apply)
              + description = (known after apply)
              + image_id    = "fd8kb72uc47duuitmajn"
              + name        = (known after apply)
              + size        = (known after apply)
              + snapshot_id = (known after apply)
              + type        = "network-hdd"
            }
        }

      + metadata_options (known after apply)

      + network_interface {
          + index          = (known after apply)
          + ip_address     = (known after apply)
          + ipv4           = true
          + ipv6           = (known after apply)
          + ipv6_address   = (known after apply)
          + mac_address    = (known after apply)
          + nat            = false
          + nat_ip_address = (known after apply)
          + nat_ip_version = (known after apply)
          + subnet_id      = (known after apply)
        }

      + placement_policy (known after apply)

      + resources {
          + core_fraction = 20
          + cores         = 2
          + memory        = 2
        }

      + scheduling_policy {
          + preemptible = true
        }
    }

  # yandex_compute_instance.test-public-vm will be created
  + resource "yandex_compute_instance" "test-public-vm" {
      + created_at                = (known after apply)
      + folder_id                 = (known after apply)
      + fqdn                      = (known after apply)
      + gpu_cluster_id            = (known after apply)
      + hardware_generation       = (known after apply)
      + hostname                  = (known after apply)
      + id                        = (known after apply)
      + maintenance_grace_period  = (known after apply)
      + maintenance_policy        = (known after apply)
      + metadata                  = {
          + "ssh-keys" = "ubuntu:ssh-ed25519 AAAAC3NzaC1lZDI1NTE5AAAAIJztg5ehO3ZVIV5fMsvNOkcRk6ed1QKPy45JWWzQ7z/3"
        }
      + name                      = "test-vm-public"
      + network_acceleration_type = "standard"
      + platform_id               = "standard-v1"
      + status                    = (known after apply)
      + zone                      = "ru-central1-a"

      + boot_disk {
          + auto_delete = true
          + device_name = (known after apply)
          + disk_id     = (known after apply)
          + mode        = (known after apply)

          + initialize_params {
              + block_size  = (known after apply)
              + description = (known after apply)
              + image_id    = "fd8kb72uc47duuitmajn"
              + name        = (known after apply)
              + size        = (known after apply)
              + snapshot_id = (known after apply)
              + type        = "network-hdd"
            }
        }

      + metadata_options (known after apply)

      + network_interface {
          + index          = (known after apply)
          + ip_address     = (known after apply)
          + ipv4           = true
          + ipv6           = (known after apply)
          + ipv6_address   = (known after apply)
          + mac_address    = (known after apply)
          + nat            = true
          + nat_ip_address = (known after apply)
          + nat_ip_version = (known after apply)
          + subnet_id      = (known after apply)
        }

      + placement_policy (known after apply)

      + resources {
          + core_fraction = 20
          + cores         = 2
          + memory        = 2
        }

      + scheduling_policy {
          + preemptible = true
        }
    }

  # yandex_vpc_network.vpc_network will be created
  + resource "yandex_vpc_network" "vpc_network" {
      + created_at                = (known after apply)
      + default_security_group_id = (known after apply)
      + folder_id                 = (known after apply)
      + id                        = (known after apply)
      + labels                    = (known after apply)
      + name                      = "vpc-test"
      + subnet_ids                = (known after apply)
    }

  # yandex_vpc_route_table.nat-route-table will be created
  + resource "yandex_vpc_route_table" "nat-route-table" {
      + created_at = (known after apply)
      + folder_id  = (known after apply)
      + id         = (known after apply)
      + labels     = (known after apply)
      + network_id = (known after apply)

      + static_route {
          + destination_prefix = "0.0.0.0/0"
          + next_hop_address   = "192.168.10.254"
            # (1 unchanged attribute hidden)
        }
    }

  # yandex_vpc_subnet.private_subnet will be created
  + resource "yandex_vpc_subnet" "private_subnet" {
      + created_at     = (known after apply)
      + folder_id      = "b1gvb9locephhapnaj6l"
      + id             = (known after apply)
      + labels         = (known after apply)
      + name           = "private-subnet-test"
      + network_id     = (known after apply)
      + route_table_id = (known after apply)
      + v4_cidr_blocks = [
          + "192.168.20.0/24",
        ]
      + v6_cidr_blocks = (known after apply)
      + zone           = "ru-central1-a"
    }

  # yandex_vpc_subnet.public_subnet will be created
  + resource "yandex_vpc_subnet" "public_subnet" {
      + created_at     = (known after apply)
      + folder_id      = "b1gvb9locephhapnaj6l"
      + id             = (known after apply)
      + labels         = (known after apply)
      + name           = "public-subnet-test"
      + network_id     = (known after apply)
      + v4_cidr_blocks = [
          + "192.168.10.0/24",
        ]
      + v6_cidr_blocks = (known after apply)
      + zone           = "ru-central1-a"
    }

Plan: 7 to add, 0 to change, 0 to destroy.

Changes to Outputs:
  + external_ip_address_nat_vm     = (known after apply)
  + external_ip_address_private_vm = (known after apply)
  + external_ip_address_public_vm  = (known after apply)
  + internal_ip_address_nat_vm     = "192.168.10.254"
  + internal_ip_address_private_vm = (known after apply)
  + internal_ip_address_public_vm  = (known after apply)

Do you want to perform these actions?
  Terraform will perform the actions described above.
  Only 'yes' will be accepted to approve.

  Enter a value: yes

yandex_vpc_network.vpc_network: Creating...
yandex_vpc_network.vpc_network: Creation complete after 2s [id=enp69eeh962l6suf2au4]
yandex_vpc_subnet.public_subnet: Creating...
yandex_vpc_route_table.nat-route-table: Creating...
yandex_vpc_subnet.public_subnet: Creation complete after 1s [id=e9bbb6tab19vmovjhtc4]
yandex_compute_instance.test-public-vm: Creating...
yandex_compute_instance.nat-instance: Creating...
yandex_vpc_route_table.nat-route-table: Creation complete after 2s [id=enp2ibpk6hpjeuf2n946]
yandex_vpc_subnet.private_subnet: Creating...
yandex_vpc_subnet.private_subnet: Creation complete after 0s [id=e9bnuihck70mn8810hhv]
yandex_compute_instance.test-private-vm: Creating...
yandex_compute_instance.nat-instance: Still creating... [00m10s elapsed]
yandex_compute_instance.test-public-vm: Still creating... [00m10s elapsed]
yandex_compute_instance.test-private-vm: Still creating... [00m10s elapsed]
yandex_compute_instance.nat-instance: Still creating... [00m20s elapsed]
yandex_compute_instance.test-public-vm: Still creating... [00m20s elapsed]
yandex_compute_instance.test-private-vm: Still creating... [00m20s elapsed]
yandex_compute_instance.test-public-vm: Still creating... [00m30s elapsed]
yandex_compute_instance.nat-instance: Still creating... [00m30s elapsed]
yandex_compute_instance.test-private-vm: Creation complete after 30s [id=fhmp977gju3qmfin4b3p]
yandex_compute_instance.test-public-vm: Still creating... [00m40s elapsed]
yandex_compute_instance.nat-instance: Still creating... [00m40s elapsed]
yandex_compute_instance.test-public-vm: Creation complete after 45s [id=fhm5k2e7i9olr1n8ibuq]
yandex_compute_instance.nat-instance: Still creating... [00m50s elapsed]
yandex_compute_instance.nat-instance: Still creating... [01m00s elapsed]
yandex_compute_instance.nat-instance: Creation complete after 1m6s [id=fhmlgbji1b8erbv610hi]

Apply complete! Resources: 7 added, 0 changed, 0 destroyed.

Outputs:

external_ip_address_nat_vm = "89.169.147.110"
external_ip_address_private_vm = ""
external_ip_address_public_vm = "89.169.141.221"
internal_ip_address_nat_vm = "192.168.10.254"
internal_ip_address_private_vm = "192.168.20.16"
internal_ip_address_public_vm = "192.168.10.15"